{
  "version": 4,
  "terraform_version": "0.12.17",
  "serial": 1,
  "lineage": "d571b922-84cf-1ffc-cab8-5d053e229d83",
  "outputs": {},
  "resources": [
    {
      "mode": "managed",
      "type": "aws_ecr_repository",
      "name": "webapp",
      "provider": "provider.aws",
      "instances": [
        {
          "schema_version": 0,
          "attributes": {
            "arn": "arn:aws:ecr:ap-south-1:580572941932:repository/santa/webapp",
            "id": "santa/webapp",
            "image_scanning_configuration": [
              {
                "scan_on_push": true
              }
            ],
            "image_tag_mutability": "IMMUTABLE",
            "name": "santa/webapp",
            "registry_id": "580572941932",
            "repository_url": "580572941932.dkr.ecr.ap-south-1.amazonaws.com/santa/webapp",
            "tags": null,
            "timeouts": null
          },
          "private": "eyJlMmJmYjczMC1lY2FhLTExZTYtOGY4OC0zNDM2M2JjN2M0YzAiOnsiZGVsZXRlIjoxMjAwMDAwMDAwMDAwfX0="
        }
      ]
    }
  ]
}
